# THIS IS AN AUTOGENERATED FILE. DO NOT EDIT THIS FILE DIRECTLY.
# yarn lockfile v1


dayjs@^1.8.21:
  version "1.8.21"
  resolved "https://registry.yarnpkg.com/dayjs/-/dayjs-1.8.21.tgz#98299185b72b9b679f31c7ed987b63923c961552"
  integrity sha512-1kbWK0hziklUHkGgiKr7xm59KwAg/K3Tp7H/8X+f58DnNCwY3pKYjOCJpIlVs125FRBukGVZdKZojC073D0IeQ==

docxtemplater@^3.14.1:
  version "3.16.11"
  resolved "https://registry.yarnpkg.com/docxtemplater/-/docxtemplater-3.16.11.tgz#3a0dbaa59c15848de5ffe27ad15854cbf39589b7"
  integrity sha512-LhcQ2ngKyFDFQPdd3qyou85cadwtpPkqaSQ/oQ3jWByqvXxmJh1vHN26sGtnCYqrLAVawX18L1lOqJ9OtMQs0A==
  dependencies:
    xmldom "^0.2.1"

pako@~1.0.2:
  version "1.0.11"
  resolved "https://registry.yarnpkg.com/pako/-/pako-1.0.11.tgz#6c9599d340d54dfd3946380252a35705a6b992bf"
  integrity sha512-4hLB8Py4zZce5s4yd9XzopqwVv/yGNhV1Bl8NTmCq1763HeK2+EwVTv+leGeL13Dnh2wfbqowVPXCIO0z4taYw==

pizzip@^3.0.6:
  version "3.0.6"
  resolved "https://registry.yarnpkg.com/pizzip/-/pizzip-3.0.6.tgz#223485511f9e23abbb2888fd67734e12fc7861a8"
  integrity sha512-CYmQJQ6ShNhScp2zrpGetRfamQ2CtUdsfcXaauqsQ0h/HVdQTTlHNUaNzMO0i+l8XTNctHJ6PrmFP+YZoF4iZw==
  dependencies:
    pako "~1.0.2"

xmldom@^0.2.1:
  version "0.2.1"
  resolved "https://registry.yarnpkg.com/xmldom/-/xmldom-0.2.1.tgz#cac9465066f161e1c3302793ea4dbe59c518274f"
  integrity sha512-kXXiYvmblIgEemGeB75y97FyaZavx6SQhGppLw5TKWAD2Wd0KAly0g23eVLh17YcpxZpnFym1Qk/eaRjy1APPg==
